// !$*UTF8*$!
{
	archiveVersion = 1;
	classes = {
	};
	objectVersion = 46;
	objects = {

/* Begin PBXBuildFile section */
		162E678C193A9757002340F2 /* TerceiroViewController.m in Sources */ = {isa = PBXBuildFile; fileRef = 162E678B193A9757002340F2 /* TerceiroViewController.m */; };
		162E678E193CF2AE002340F2 /* images.jpeg in Resources */ = {isa = PBXBuildFile; fileRef = 162E678D193CF2AE002340F2 /* images.jpeg */; };
		162E6791193CF5B3002340F2 /* games-wallpapers-full-hd-starcraft.jpg in Resources */ = {isa = PBXBuildFile; fileRef = 162E678F193CF5B3002340F2 /* games-wallpapers-full-hd-starcraft.jpg */; };
		162E6792193CF5B3002340F2 /* lion_hd_wallpaper.jpg in Resources */ = {isa = PBXBuildFile; fileRef = 162E6790193CF5B3002340F2 /* lion_hd_wallpaper.jpg */; };
		162E6795193D3C08002340F2 /* TableVC.m in Sources */ = {isa = PBXBuildFile; fileRef = 162E6794193D3C08002340F2 /* TableVC.m */; };
		162E6799193D7641002340F2 /* View.xib in Resources */ = {isa = PBXBuildFile; fileRef = 162E6798193D7641002340F2 /* View.xib */; };
		1655157A192FAE64001F7960 /* SegundoViewController.m in Sources */ = {isa = PBXBuildFile; fileRef = 16551579192FAE64001F7960 /* SegundoViewController.m */; };
		1655157C193022E9001F7960 /* GLKit.framework in Frameworks */ = {isa = PBXBuildFile; fileRef = 1655157B193022E9001F7960 /* GLKit.framework */; };
		16911C821936AECB0080C29B /* vialifoErrorMsgFirstVC.m in Sources */ = {isa = PBXBuildFile; fileRef = 16911C811936AECB0080C29B /* vialifoErrorMsgFirstVC.m */; };
		16E8E8E4192FA840007DC5C3 /* Foundation.framework in Frameworks */ = {isa = PBXBuildFile; fileRef = 16E8E8E3192FA840007DC5C3 /* Foundation.framework */; };
		16E8E8E6192FA840007DC5C3 /* CoreGraphics.framework in Frameworks */ = {isa = PBXBuildFile; fileRef = 16E8E8E5192FA840007DC5C3 /* CoreGraphics.framework */; };
		16E8E8E8192FA840007DC5C3 /* UIKit.framework in Frameworks */ = {isa = PBXBuildFile; fileRef = 16E8E8E7192FA840007DC5C3 /* UIKit.framework */; };
		16E8E8EE192FA840007DC5C3 /* InfoPlist.strings in Resources */ = {isa = PBXBuildFile; fileRef = 16E8E8EC192FA840007DC5C3 /* InfoPlist.strings */; };
		16E8E8F0192FA840007DC5C3 /* main.m in Sources */ = {isa = PBXBuildFile; fileRef = 16E8E8EF192FA840007DC5C3 /* main.m */; };
		16E8E8F4192FA840007DC5C3 /* vialifoAppDelegate.m in Sources */ = {isa = PBXBuildFile; fileRef = 16E8E8F3192FA840007DC5C3 /* vialifoAppDelegate.m */; };
		16E8E8F7192FA840007DC5C3 /* Main.storyboard in Resources */ = {isa = PBXBuildFile; fileRef = 16E8E8F5192FA840007DC5C3 /* Main.storyboard */; };
		16E8E8FA192FA840007DC5C3 /* vialifoViewController.m in Sources */ = {isa = PBXBuildFile; fileRef = 16E8E8F9192FA840007DC5C3 /* vialifoViewController.m */; };
		16E8E8FC192FA840007DC5C3 /* Images.xcassets in Resources */ = {isa = PBXBuildFile; fileRef = 16E8E8FB192FA840007DC5C3 /* Images.xcassets */; };
		16E8E903192FA840007DC5C3 /* XCTest.framework in Frameworks */ = {isa = PBXBuildFile; fileRef = 16E8E902192FA840007DC5C3 /* XCTest.framework */; };
		16E8E904192FA840007DC5C3 /* Foundation.framework in Frameworks */ = {isa = PBXBuildFile; fileRef = 16E8E8E3192FA840007DC5C3 /* Foundation.framework */; };
		16E8E905192FA840007DC5C3 /* UIKit.framework in Frameworks */ = {isa = PBXBuildFile; fileRef = 16E8E8E7192FA840007DC5C3 /* UIKit.framework */; };
		16E8E90D192FA840007DC5C3 /* InfoPlist.strings in Resources */ = {isa = PBXBuildFile; fileRef = 16E8E90B192FA840007DC5C3 /* InfoPlist.strings */; };
		16E8E90F192FA840007DC5C3 /* NavSampleTests.m in Sources */ = {isa = PBXBuildFile; fileRef = 16E8E90E192FA840007DC5C3 /* NavSampleTests.m */; };
/* End PBXBuildFile section */

/* Begin PBXContainerItemProxy section */
		16E8E906192FA840007DC5C3 /* PBXContainerItemProxy */ = {
			isa = PBXContainerItemProxy;
			containerPortal = 16E8E8D8192FA83F007DC5C3 /* Project object */;
			proxyType = 1;
			remoteGlobalIDString = 16E8E8DF192FA83F007DC5C3;
			remoteInfo = NavSample;
		};
/* End PBXContainerItemProxy section */

/* Begin PBXFileReference section */
		162E678A193A9757002340F2 /* TerceiroViewController.h */ = {isa = PBXFileReference; fileEncoding = 4; lastKnownFileType = sourcecode.c.h; path = TerceiroViewController.h; sourceTree = "<group>"; };
		162E678B193A9757002340F2 /* TerceiroViewController.m */ = {isa = PBXFileReference; fileEncoding = 4; lastKnownFileType = sourcecode.c.objc; path = TerceiroViewController.m; sourceTree = "<group>"; };
		162E678D193CF2AE002340F2 /* images.jpeg */ = {isa = PBXFileReference; lastKnownFileType = image.jpeg; name = images.jpeg; path = ../../../../Pictures/images.jpeg; sourceTree = "<group>"; };
		162E678F193CF5B3002340F2 /* games-wallpapers-full-hd-starcraft.jpg */ = {isa = PBXFileReference; lastKnownFileType = image.jpeg; name = "games-wallpapers-full-hd-starcraft.jpg"; path = "../../../../Pictures/games-wallpapers-full-hd-starcraft.jpg"; sourceTree = "<group>"; };
		162E6790193CF5B3002340F2 /* lion_hd_wallpaper.jpg */ = {isa = PBXFileReference; lastKnownFileType = image.jpeg; name = lion_hd_wallpaper.jpg; path = ../../../../Pictures/lion_hd_wallpaper.jpg; sourceTree = "<group>"; };
		162E6793193D3C08002340F2 /* TableVC.h */ = {isa = PBXFileReference; fileEncoding = 4; lastKnownFileType = sourcecode.c.h; path = TableVC.h; sourceTree = "<group>"; };
		162E6794193D3C08002340F2 /* TableVC.m */ = {isa = PBXFileReference; fileEncoding = 4; lastKnownFileType = sourcecode.c.objc; path = TableVC.m; sourceTree = "<group>"; };
		162E6798193D7641002340F2 /* View.xib */ = {isa = PBXFileReference; fileEncoding = 4; lastKnownFileType = file.xib; path = View.xib; sourceTree = "<group>"; };
		16551578192FAE64001F7960 /* SegundoViewController.h */ = {isa = PBXFileReference; fileEncoding = 4; lastKnownFileType = sourcecode.c.h; path = SegundoViewController.h; sourceTree = "<group>"; };
		16551579192FAE64001F7960 /* SegundoViewController.m */ = {isa = PBXFileReference; fileEncoding = 4; lastKnownFileType = sourcecode.c.objc; path = SegundoViewController.m; sourceTree = "<group>"; };
		1655157B193022E9001F7960 /* GLKit.framework */ = {isa = PBXFileReference; lastKnownFileType = wrapper.framework; name = GLKit.framework; path = System/Library/Frameworks/GLKit.framework; sourceTree = SDKROOT; };
		16911C801936AECB0080C29B /* vialifoErrorMsgFirstVC.h */ = {isa = PBXFileReference; fileEncoding = 4; lastKnownFileType = sourcecode.c.h; path = vialifoErrorMsgFirstVC.h; sourceTree = "<group>"; };
		16911C811936AECB0080C29B /* vialifoErrorMsgFirstVC.m */ = {isa = PBXFileReference; fileEncoding = 4; lastKnownFileType = sourcecode.c.objc; path = vialifoErrorMsgFirstVC.m; sourceTree = "<group>"; };
		16B2372019354B7F00DF7A3A /* ErrorMessage.h */ = {isa = PBXFileReference; lastKnownFileType = sourcecode.c.h; path = ErrorMessage.h; sourceTree = "<group>"; };
		16E8E8E0192FA840007DC5C3 /* NavSample.app */ = {isa = PBXFileReference; explicitFileType = wrapper.application; includeInIndex = 0; path = NavSample.app; sourceTree = BUILT_PRODUCTS_DIR; };
		16E8E8E3192FA840007DC5C3 /* Foundation.framework */ = {isa = PBXFileReference; lastKnownFileType = wrapper.framework; name = Foundation.framework; path = System/Library/Frameworks/Foundation.framework; sourceTree = SDKROOT; };
		16E8E8E5192FA840007DC5C3 /* CoreGraphics.framework */ = {isa = PBXFileReference; lastKnownFileType = wrapper.framework; name = CoreGraphics.framework; path = System/Library/Frameworks/CoreGraphics.framework; sourceTree = SDKROOT; };
		16E8E8E7192FA840007DC5C3 /* UIKit.framework */ = {isa = PBXFileReference; lastKnownFileType = wrapper.framework; name = UIKit.framework; path = System/Library/Frameworks/UIKit.framework; sourceTree = SDKROOT; };
		16E8E8EB192FA840007DC5C3 /* NavSample-Info.plist */ = {isa = PBXFileReference; lastKnownFileType = text.plist.xml; path = "NavSample-Info.plist"; sourceTree = "<group>"; };
		16E8E8ED192FA840007DC5C3 /* en */ = {isa = PBXFileReference; lastKnownFileType = text.plist.strings; name = en; path = en.lproj/InfoPlist.strings; sourceTree = "<group>"; };
		16E8E8EF192FA840007DC5C3 /* main.m */ = {isa = PBXFileReference; lastKnownFileType = sourcecode.c.objc; path = main.m; sourceTree = "<group>"; };
		16E8E8F1192FA840007DC5C3 /* NavSample-Prefix.pch */ = {isa = PBXFileReference; lastKnownFileType = sourcecode.c.h; path = "NavSample-Prefix.pch"; sourceTree = "<group>"; };
		16E8E8F2192FA840007DC5C3 /* vialifoAppDelegate.h */ = {isa = PBXFileReference; lastKnownFileType = sourcecode.c.h; path = vialifoAppDelegate.h; sourceTree = "<group>"; };
		16E8E8F3192FA840007DC5C3 /* vialifoAppDelegate.m */ = {isa = PBXFileReference; lastKnownFileType = sourcecode.c.objc; path = vialifoAppDelegate.m; sourceTree = "<group>"; };
		16E8E8F6192FA840007DC5C3 /* Base */ = {isa = PBXFileReference; lastKnownFileType = file.storyboard; name = Base; path = Base.lproj/Main.storyboard; sourceTree = "<group>"; };
		16E8E8F8192FA840007DC5C3 /* vialifoViewController.h */ = {isa = PBXFileReference; lastKnownFileType = sourcecode.c.h; path = vialifoViewController.h; sourceTree = "<group>"; };
		16E8E8F9192FA840007DC5C3 /* vialifoViewController.m */ = {isa = PBXFileReference; lastKnownFileType = sourcecode.c.objc; path = vialifoViewController.m; sourceTree = "<group>"; };
		16E8E8FB192FA840007DC5C3 /* Images.xcassets */ = {isa = PBXFileReference; lastKnownFileType = folder.assetcatalog; path = Images.xcassets; sourceTree = "<group>"; };
		16E8E901192FA840007DC5C3 /* NavSampleTests.xctest */ = {isa = PBXFileReference; explicitFileType = wrapper.cfbundle; includeInIndex = 0; path = NavSampleTests.xctest; sourceTree = BUILT_PRODUCTS_DIR; };
		16E8E902192FA840007DC5C3 /* XCTest.framework */ = {isa = PBXFileReference; lastKnownFileType = wrapper.framework; name = XCTest.framework; path = Library/Frameworks/XCTest.framework; sourceTree = DEVELOPER_DIR; };
		16E8E90A192FA840007DC5C3 /* NavSampleTests-Info.plist */ = {isa = PBXFileReference; lastKnownFileType = text.plist.xml; path = "NavSampleTests-Info.plist"; sourceTree = "<group>"; };
		16E8E90C192FA840007DC5C3 /* en */ = {isa = PBXFileReference; lastKnownFileType = text.plist.strings; name = en; path = en.lproj/InfoPlist.strings; sourceTree = "<group>"; };
		16E8E90E192FA840007DC5C3 /* NavSampleTests.m */ = {isa = PBXFileReference; lastKnownFileType = sourcecode.c.objc; path = NavSampleTests.m; sourceTree = "<group>"; };
/* End PBXFileReference section */

/* Begin PBXFrameworksBuildPhase section */
		16E8E8DD192FA83F007DC5C3 /* Frameworks */ = {
			isa = PBXFrameworksBuildPhase;
			buildActionMask = 2147483647;
			files = (
				1655157C193022E9001F7960 /* GLKit.framework in Frameworks */,
				16E8E8E6192FA840007DC5C3 /* CoreGraphics.framework in Frameworks */,
				16E8E8E8192FA840007DC5C3 /* UIKit.framework in Frameworks */,
				16E8E8E4192FA840007DC5C3 /* Foundation.framework in Frameworks */,
			);
			runOnlyForDeploymentPostprocessing = 0;
		};
		16E8E8FE192FA840007DC5C3 /* Frameworks */ = {
			isa = PBXFrameworksBuildPhase;
			buildActionMask = 2147483647;
			files = (
				16E8E903192FA840007DC5C3 /* XCTest.framework in Frameworks */,
				16E8E905192FA840007DC5C3 /* UIKit.framework in Frameworks */,
				16E8E904192FA840007DC5C3 /* Foundation.framework in Frameworks */,
			);
			runOnlyForDeploymentPostprocessing = 0;
		};
/* End PBXFrameworksBuildPhase section */

/* Begin PBXGroup section */
		162E6786193A91E9002340F2 /* img */ = {
			isa = PBXGroup;
			children = (
				162E678F193CF5B3002340F2 /* games-wallpapers-full-hd-starcraft.jpg */,
				162E6790193CF5B3002340F2 /* lion_hd_wallpaper.jpg */,
				162E678D193CF2AE002340F2 /* images.jpeg */,
			);
			name = img;
			sourceTree = "<group>";
		};
		16E8E8D7192FA83F007DC5C3 = {
			isa = PBXGroup;
			children = (
				16E8E8E9192FA840007DC5C3 /* NavSample */,
				16E8E908192FA840007DC5C3 /* NavSampleTests */,
				16E8E8E2192FA840007DC5C3 /* Frameworks */,
				16E8E8E1192FA840007DC5C3 /* Products */,
			);
			sourceTree = "<group>";
		};
		16E8E8E1192FA840007DC5C3 /* Products */ = {
			isa = PBXGroup;
			children = (
				16E8E8E0192FA840007DC5C3 /* NavSample.app */,
				16E8E901192FA840007DC5C3 /* NavSampleTests.xctest */,
			);
			name = Products;
			sourceTree = "<group>";
		};
		16E8E8E2192FA840007DC5C3 /* Frameworks */ = {
			isa = PBXGroup;
			children = (
				1655157B193022E9001F7960 /* GLKit.framework */,
				16E8E8E3192FA840007DC5C3 /* Foundation.framework */,
				16E8E8E5192FA840007DC5C3 /* CoreGraphics.framework */,
				16E8E8E7192FA840007DC5C3 /* UIKit.framework */,
				16E8E902192FA840007DC5C3 /* XCTest.framework */,
			);
			name = Frameworks;
			sourceTree = "<group>";
		};
		16E8E8E9192FA840007DC5C3 /* NavSample */ = {
			isa = PBXGroup;
			children = (
				162E6786193A91E9002340F2 /* img */,
				16E8E8F2192FA840007DC5C3 /* vialifoAppDelegate.h */,
				16E8E8F3192FA840007DC5C3 /* vialifoAppDelegate.m */,
				16E8E8F8192FA840007DC5C3 /* vialifoViewController.h */,
				16E8E8F9192FA840007DC5C3 /* vialifoViewController.m */,
				16551578192FAE64001F7960 /* SegundoViewController.h */,
				16551579192FAE64001F7960 /* SegundoViewController.m */,
				162E678A193A9757002340F2 /* TerceiroViewController.h */,
				162E678B193A9757002340F2 /* TerceiroViewController.m */,
				16911C801936AECB0080C29B /* vialifoErrorMsgFirstVC.h */,
				16911C811936AECB0080C29B /* vialifoErrorMsgFirstVC.m */,
				16B2372019354B7F00DF7A3A /* ErrorMessage.h */,
				162E6793193D3C08002340F2 /* TableVC.h */,
				162E6794193D3C08002340F2 /* TableVC.m */,
				16E8E8F5192FA840007DC5C3 /* Main.storyboard */,
				16E8E8FB192FA840007DC5C3 /* Images.xcassets */,
				16E8E8EA192FA840007DC5C3 /* Supporting Files */,
				162E6798193D7641002340F2 /* View.xib */,
			);
			path = NavSample;
			sourceTree = "<group>";
		};
		16E8E8EA192FA840007DC5C3 /* Supporting Files */ = {
			isa = PBXGroup;
			children = (
				16E8E8EB192FA840007DC5C3 /* NavSample-Info.plist */,
				16E8E8EC192FA840007DC5C3 /* InfoPlist.strings */,
				16E8E8EF192FA840007DC5C3 /* main.m */,
				16E8E8F1192FA840007DC5C3 /* NavSample-Prefix.pch */,
			);
			name = "Supporting Files";
			sourceTree = "<group>";
		};
		16E8E908192FA840007DC5C3 /* NavSampleTests */ = {
			isa = PBXGroup;
			children = (
				16E8E90E192FA840007DC5C3 /* NavSampleTests.m */,
				16E8E909192FA840007DC5C3 /* Supporting Files */,
			);
			path = NavSampleTests;
			sourceTree = "<group>";
		};
		16E8E909192FA840007DC5C3 /* Supporting Files */ = {
			isa = PBXGroup;
			children = (
				16E8E90A192FA840007DC5C3 /* NavSampleTests-Info.plist */,
				16E8E90B192FA840007DC5C3 /* InfoPlist.strings */,
			);
			name = "Supporting Files";
			sourceTree = "<group>";
		};
/* End PBXGroup section */

/* Begin PBXNativeTarget section */
		16E8E8DF192FA83F007DC5C3 /* NavSample */ = {
			isa = PBXNativeTarget;
			buildConfigurationList = 16E8E912192FA840007DC5C3 /* Build configuration list for PBXNativeTarget "NavSample" */;
			buildPhases = (
				16E8E8DC192FA83F007DC5C3 /* Sources */,
				16E8E8DD192FA83F007DC5C3 /* Frameworks */,
				16E8E8DE192FA83F007DC5C3 /* Resources */,
			);
			buildRules = (
			);
			dependencies = (
			);
			name = NavSample;
			productName = NavSample;
			productReference = 16E8E8E0192FA840007DC5C3 /* NavSample.app */;
			productType = "com.apple.product-type.application";
		};
		16E8E900192FA840007DC5C3 /* NavSampleTests */ = {
			isa = PBXNativeTarget;
			buildConfigurationList = 16E8E915192FA840007DC5C3 /* Build configuration list for PBXNativeTarget "NavSampleTests" */;
			buildPhases = (
				16E8E8FD192FA840007DC5C3 /* Sources */,
				16E8E8FE192FA840007DC5C3 /* Frameworks */,
				16E8E8FF192FA840007DC5C3 /* Resources */,
			);
			buildRules = (
			);
			dependencies = (
				16E8E907192FA840007DC5C3 /* PBXTargetDependency */,
			);
			name = NavSampleTests;
			productName = NavSampleTests;
			productReference = 16E8E901192FA840007DC5C3 /* NavSampleTests.xctest */;
			productType = "com.apple.product-type.bundle.unit-test";
		};
/* End PBXNativeTarget section */

/* Begin PBXProject section */
		16E8E8D8192FA83F007DC5C3 /* Project object */ = {
			isa = PBXProject;
			attributes = {
				CLASSPREFIX = vialifo;
				LastUpgradeCheck = 0510;
				ORGANIZATIONNAME = "Vitor Teixeira";
				TargetAttributes = {
					16E8E900192FA840007DC5C3 = {
						TestTargetID = 16E8E8DF192FA83F007DC5C3;
					};
				};
			};
			buildConfigurationList = 16E8E8DB192FA83F007DC5C3 /* Build configuration list for PBXProject "NavSample" */;
			compatibilityVersion = "Xcode 3.2";
			developmentRegion = English;
			hasScannedForEncodings = 0;
			knownRegions = (
				en,
				Base,
			);
			mainGroup = 16E8E8D7192FA83F007DC5C3;
			productRefGroup = 16E8E8E1192FA840007DC5C3 /* Products */;
			projectDirPath = "";
			projectRoot = "";
			targets = (
				16E8E8DF192FA83F007DC5C3 /* NavSample */,
				16E8E900192FA840007DC5C3 /* NavSampleTests */,
			);
		};
/* End PBXProject section */

/* Begin PBXResourcesBuildPhase section */
		16E8E8DE192FA83F007DC5C3 /* Resources */ = {
			isa = PBXResourcesBuildPhase;
			buildActionMask = 2147483647;
			files = (
				162E6799193D7641002340F2 /* View.xib in Resources */,
				16E8E8FC192FA840007DC5C3 /* Images.xcassets in Resources */,
				162E678E193CF2AE002340F2 /* images.jpeg in Resources */,
				162E6791193CF5B3002340F2 /* games-wallpapers-full-hd-starcraft.jpg in Resources */,
				16E8E8EE192FA840007DC5C3 /* InfoPlist.strings in Resources */,
				162E6792193CF5B3002340F2 /* lion_hd_wallpaper.jpg in Resources */,
				16E8E8F7192FA840007DC5C3 /* Main.storyboard in Resources */,
			);
			runOnlyForDeploymentPostprocessing = 0;
		};
		16E8E8FF192FA840007DC5C3 /* Resources */ = {
			isa = PBXResourcesBuildPhase;
			buildActionMask = 2147483647;
			files = (
				16E8E90D192FA840007DC5C3 /* InfoPlist.strings in Resources */,
			);
			runOnlyForDeploymentPostprocessing = 0;
		};
/* End PBXResourcesBuildPhase section */

/* Begin PBXSourcesBuildPhase section */
		16E8E8DC192FA83F007DC5C3 /* Sources */ = {
			isa = PBXSourcesBuildPhase;
			buildActionMask = 2147483647;
			files = (
				16E8E8F0192FA840007DC5C3 /* main.m in Sources */,
				16E8E8F4192FA840007DC5C3 /* vialifoAppDelegate.m in Sources */,
				16911C821936AECB0080C29B /* vialifoErrorMsgFirstVC.m in Sources */,
				162E678C193A9757002340F2 /* TerceiroViewController.m in Sources */,
				1655157A192FAE64001F7960 /* SegundoViewController.m in Sources */,
				162E6795193D3C08002340F2 /* TableVC.m in Sources */,
				16E8E8FA192FA840007DC5C3 /* vialifoViewController.m in Sources */,
			);
			runOnlyForDeploymentPostprocessing = 0;
		};
		16E8E8FD192FA840007DC5C3 /* Sources */ = {
			isa = PBXSourcesBuildPhase;
			buildActionMask = 2147483647;
			files = (
				16E8E90F192FA840007DC5C3 /* NavSampleTests.m in Sources */,
			);
			runOnlyForDeploymentPostprocessing = 0;
		};
/* End PBXSourcesBuildPhase section */

/* Begin PBXTargetDependency section */
		16E8E907192FA840007DC5C3 /* PBXTargetDependency */ = {
			isa = PBXTargetDependency;
			target = 16E8E8DF192FA83F007DC5C3 /* NavSample */;
			targetProxy = 16E8E906192FA840007DC5C3 /* PBXContainerItemProxy */;
		};
/* End PBXTargetDependency section */

/* Begin PBXVariantGroup section */
		16E8E8EC192FA840007DC5C3 /* InfoPlist.strings */ = {
			isa = PBXVariantGroup;
			children = (
				16E8E8ED192FA840007DC5C3 /* en */,
			);
			name = InfoPlist.strings;
			sourceTree = "<group>";
		};
		16E8E8F5192FA840007DC5C3 /* Main.storyboard */ = {
			isa = PBXVariantGroup;
			children = (
				16E8E8F6192FA840007DC5C3 /* Base */,
			);
			name = Main.storyboard;
			sourceTree = "<group>";
		};
		16E8E90B192FA840007DC5C3 /* InfoPlist.strings */ = {
			isa = PBXVariantGroup;
			children = (
				16E8E90C192FA840007DC5C3 /* en */,
			);
			name = InfoPlist.strings;
			sourceTree = "<group>";
		};
/* End PBXVariantGroup section */

/* Begin XCBuildConfiguration section */
		16E8E910192FA840007DC5C3 /* Debug */ = {
			isa = XCBuildConfiguration;
			buildSettings = {
				ALWAYS_SEARCH_USER_PATHS = NO;
				CLANG_CXX_LANGUAGE_STANDARD = "gnu++0x";
				CLANG_CXX_LIBRARY = "libc++";
				CLANG_ENABLE_MODULES = YES;
				CLANG_ENABLE_OBJC_ARC = YES;
				CLANG_WARN_BOOL_CONVERSION = YES;
				CLANG_WARN_CONSTANT_CONVERSION = YES;
				CLANG_WARN_DIRECT_OBJC_ISA_USAGE = YES_ERROR;
				CLANG_WARN_EMPTY_BODY = YES;
				CLANG_WARN_ENUM_CONVERSION = YES;
				CLANG_WARN_INT_CONVERSION = YES;
				CLANG_WARN_OBJC_ROOT_CLASS = YES_ERROR;
				CLANG_WARN__DUPLICATE_METHOD_MATCH = YES;
				"CODE_SIGN_IDENTITY[sdk=iphoneos*]" = "iPhone Developer";
				COPY_PHASE_STRIP = NO;
				GCC_C_LANGUAGE_STANDARD = gnu99;
				GCC_DYNAMIC_NO_PIC = NO;
				GCC_OPTIMIZATION_LEVEL = 0;
				GCC_PREPROCESSOR_DEFINITIONS = (
					"DEBUG=1",
					"$(inherited)",
				);
				GCC_SYMBOLS_PRIVATE_EXTERN = NO;
				GCC_WARN_64_TO_32_BIT_CONVERSION = YES;
				GCC_WARN_ABOUT_RETURN_TYPE = YES_ERROR;
				GCC_WARN_UNDECLARED_SELECTOR = YES;
				GCC_WARN_UNINITIALIZED_AUTOS = YES_AGGRESSIVE;
				GCC_WARN_UNUSED_FUNCTION = YES;
				GCC_WARN_UNUSED_VARIABLE = YES;
				IPHONEOS_DEPLOYMENT_TARGET = 7.1;
				ONLY_ACTIVE_ARCH = YES;
				SDKROOT = iphoneos;
			};
			name = Debug;
		};
		16E8E911192FA840007DC5C3 /* Release */ = {
			isa = XCBuildConfiguration;
			buildSettings = {
				ALWAYS_SEARCH_USER_PATHS = NO;
				CLANG_CXX_LANGUAGE_STANDARD = "gnu++0x";
				CLANG_CXX_LIBRARY = "libc++";
				CLANG_ENABLE_MODULES = YES;
				CLANG_ENABLE_OBJC_ARC = YES;
				CLANG_WARN_BOOL_CONVERSION = YES;
				CLANG_WARN_CONSTANT_CONVERSION = YES;
				CLANG_WARN_DIRECT_OBJC_ISA_USAGE = YES_ERROR;
				CLANG_WARN_EMPTY_BODY = YES;
				CLANG_WARN_ENUM_CONVERSION = YES;
				CLANG_WARN_INT_CONVERSION = YES;
				CLANG_WARN_OBJC_ROOT_CLASS = YES_ERROR;
				CLANG_WARN__DUPLICATE_METHOD_MATCH = YES;
				"CODE_SIGN_IDENTITY[sdk=iphoneos*]" = "iPhone Developer";
				COPY_PHASE_STRIP = YES;
				ENABLE_NS_ASSERTIONS = NO;
				GCC_C_LANGUAGE_STANDARD = gnu99;
				GCC_WARN_64_TO_32_BIT_CONVERSION = YES;
				GCC_WARN_ABOUT_RETURN_TYPE = YES_ERROR;
				GCC_WARN_UNDECLARED_SELECTOR = YES;
				GCC_WARN_UNINITIALIZED_AUTOS = YES_AGGRESSIVE;
				GCC_WARN_UNUSED_FUNCTION = YES;
				GCC_WARN_UNUSED_VARIABLE = YES;
				IPHONEOS_DEPLOYMENT_TARGET = 7.1;
				SDKROOT = iphoneos;
				VALIDATE_PRODUCT = YES;
			};
			name = Release;
		};
		16E8E913192FA840007DC5C3 /* Debug */ = {
			isa = XCBuildConfiguration;
			buildSettings = {
				ASSETCATALOG_COMPILER_APPICON_NAME = AppIcon;
				ASSETCATALOG_COMPILER_LAUNCHIMAGE_NAME = LaunchImage;
				GCC_PRECOMPILE_PREFIX_HEADER = YES;
				GCC_PREFIX_HEADER = "NavSample/NavSample-Prefix.pch";
				INFOPLIST_FILE = "NavSample/NavSample-Info.plist";
				PRODUCT_NAME = "$(TARGET_NAME)";
				WRAPPER_EXTENSION = app;
			};
			name = Debug;
		};
		16E8E914192FA840007DC5C3 /* Release */ = {
			isa = XCBuildConfiguration;
			buildSettings = {
				ASSETCATALOG_COMPILER_APPICON_NAME = AppIcon;
				ASSETCATALOG_COMPILER_LAUNCHIMAGE_NAME = LaunchImage;
				GCC_PRECOMPILE_PREFIX_HEADER = YES;
				GCC_PREFIX_HEADER = "NavSample/NavSample-Prefix.pch";
				INFOPLIST_FILE = "NavSample/NavSample-Info.plist";
				PRODUCT_NAME = "$(TARGET_NAME)";
				WRAPPER_EXTENSION = app;
			};
			name = Release;
		};
		16E8E916192FA840007DC5C3 /* Debug */ = {
			isa = XCBuildConfiguration;
			buildSettings = {
				BUNDLE_LOADER = "$(BUILT_PRODUCTS_DIR)/NavSample.app/NavSample";
				FRAMEWORK_SEARCH_PATHS = (
					"$(SDKROOT)/Developer/Library/Frameworks",
					"$(inherited)",
					"$(DEVELOPER_FRAMEWORKS_DIR)",
				);
				GCC_PRECOMPILE_PREFIX_HEADER = YES;
				GCC_PREFIX_HEADER = "NavSample/NavSample-Prefix.pch";
				GCC_PREPROCESSOR_DEFINITIONS = (
					"DEBUG=1",
					"$(inherited)",
				);
				INFOPLIST_FILE = "NavSampleTests/NavSampleTests-Info.plist";
				PRODUCT_NAME = "$(TARGET_NAME)";
				TEST_HOST = "$(BUNDLE_LOADER)";
				WRAPPER_EXTENSION = xctest;
			};
			name = Debug;
		};
		16E8E917192FA840007DC5C3 /* Release */ = {
			isa = XCBuildConfiguration;
			buildSettings = {
				BUNDLE_LOADER = "$(BUILT_PRODUCTS_DIR)/NavSample.app/NavSample";
				FRAMEWORK_SEARCH_PATHS = (
					"$(SDKROOT)/Developer/Library/Frameworks",
					"$(inherited)",
					"$(DEVELOPER_FRAMEWORKS_DIR)",
				);
				GCC_PRECOMPILE_PREFIX_HEADER = YES;
				GCC_PREFIX_HEADER = "NavSample/NavSample-Prefix.pch";
				INFOPLIST_FILE = "NavSampleTests/NavSampleTests-Info.plist";
				PRODUCT_NAME = "$(TARGET_NAME)";
				TEST_HOST = "$(BUNDLE_LOADER)";
				WRAPPER_EXTENSION = xctest;
			};
			name = Release;
		};
/* End XCBuildConfiguration section */

/* Begin XCConfigurationList section */
		16E8E8DB192FA83F007DC5C3 /* Build configuration list for PBXProject "NavSample" */ = {
			isa = XCConfigurationList;
			buildConfigurations = (
				16E8E910192FA840007DC5C3 /* Debug */,
				16E8E911192FA840007DC5C3 /* Release */,
			);
			defaultConfigurationIsVisible = 0;
			defaultConfigurationName = Release;
		};
		16E8E912192FA840007DC5C3 /* Build configuration list for PBXNativeTarget "NavSample" */ = {
			isa = XCConfigurationList;
			buildConfigurations = (
				16E8E913192FA840007DC5C3 /* Debug */,
				16E8E914192FA840007DC5C3 /* Release */,
			);
			defaultConfigurationIsVisible = 0;
			defaultConfigurationName = Release;
		};
		16E8E915192FA840007DC5C3 /* Build configuration list for PBXNativeTarget "NavSampleTests" */ = {
			isa = XCConfigurationList;
			buildConfigurations = (
				16E8E916192FA840007DC5C3 /* Debug */,
				16E8E917192FA840007DC5C3 /* Release */,
			);
			defaultConfigurationIsVisible = 0;
			defaultConfigurationName = Release;
		};
/* End XCConfigurationList section */
	};
	rootObject = 16E8E8D8192FA83F007DC5C3 /* Project object */;
}
